
Microsoft Visual Studio Solution File, Format Version 12.00
# Visual Studio Version 16
VisualStudioVersion = 16.0.31019.35
MinimumVisualStudioVersion = 10.0.40219.1
Project("{FAE04EC0-301F-11D3-BF4B-00C04F79EFBC}") = "GiveAndReceiveCash", "GiveAndReceiveCash\GiveAndReceiveCash.csproj", "{6819235A-A97C-4F41-956C-E70A8602CDF0}"
EndProject
Global
	GlobalSection(SolutionConfigurationPlatforms) = preSolution
		Debug|Any CPU = Debug|Any CPU
		Release|Any CPU = Release|Any CPU
	EndGlobalSection
	GlobalSection(ProjectConfigurationPlatforms) = postSolution
		{6819235A-A97C-4F41-956C-E70A8602CDF0}.Debug|Any CPU.ActiveCfg = Debug|Any CPU
		{6819235A-A97C-4F41-956C-E70A8602CDF0}.Debug|Any CPU.Build.0 = Debug|Any CPU
		{6819235A-A97C-4F41-956C-E70A8602CDF0}.Release|Any CPU.ActiveCfg = Release|Any CPU
		{6819235A-A97C-4F41-956C-E70A8602CDF0}.Release|Any CPU.Build.0 = Release|Any CPU
	EndGlobalSection
	GlobalSection(SolutionProperties) = preSolution
		HideSolutionNode = FALSE
	EndGlobalSection
	GlobalSection(ExtensibilityGlobals) = postSolution
		SolutionGuid = {9EFE7E14-D43E-4942-900A-5E8937BCE4E3}
	EndGlobalSection
EndGlobal
